// !$*UTF8*$!
{
	archiveVersion = 1;
	classes = {
	};
	objectVersion = 70;
	objects = {

/* Begin PBXBuildFile section */
		E1457BBF2F88F167000DD16C /* AppDelegate.swift in Sources */ = {isa = PBXBuildFile; fileRef = E1457BBE2F88F167000DD16C /* AppDelegate.swift */; };
		E1457BC12F88F167000DD16C /* SceneDelegate.swift in Sources */ = {isa = PBXBuildFile; fileRef = E1457BC02F88F167000DD16C /* SceneDelegate.swift */; };
		E1457BC82F88F169000DD16C /* Assets.xcassets in Resources */ = {isa = PBXBuildFile; fileRef = E1457BC72F88F169000DD16C /* Assets.xcassets */; };
		E1457BCB2F88F169000DD16C /* LaunchScreen.storyboard in Resources */ = {isa = PBXBuildFile; fileRef = E1457BC92F88F169000DD16C /* LaunchScreen.storyboard */; };
		E1457BE12F890255000DD16C /* AppColorManager.swift in Sources */ = {isa = PBXBuildFile; fileRef = E1457BE02F890255000DD16C /* AppColorManager.swift */; };
		E1457BE32F890329000DD16C /* AppTextStyle.swift in Sources */ = {isa = PBXBuildFile; fileRef = E1457BE22F890329000DD16C /* AppTextStyle.swift */; };
/* End PBXBuildFile section */

/* Begin PBXFileReference section */
		E1457BBB2F88F167000DD16C /* IOSWeatherApp.app */ = {isa = PBXFileReference; explicitFileType = wrapper.application; includeInIndex = 0; path = IOSWeatherApp.app; sourceTree = BUILT_PRODUCTS_DIR; };
		E1457BBE2F88F167000DD16C /* AppDelegate.swift */ = {isa = PBXFileReference; lastKnownFileType = sourcecode.swift; path = AppDelegate.swift; sourceTree = "<group>"; };
		E1457BC02F88F167000DD16C /* SceneDelegate.swift */ = {isa = PBXFileReference; lastKnownFileType = sourcecode.swift; path = SceneDelegate.swift; sourceTree = "<group>"; };
		E1457BC72F88F169000DD16C /* Assets.xcassets */ = {isa = PBXFileReference; lastKnownFileType = folder.assetcatalog; path = Assets.xcassets; sourceTree = "<group>"; };
		E1457BCA2F88F169000DD16C /* Base */ = {isa = PBXFileReference; lastKnownFileType = file.storyboard; name = Base; path = Base.lproj/LaunchScreen.storyboard; sourceTree = "<group>"; };
		E1457BE02F890255000DD16C /* AppColorManager.swift */ = {isa = PBXFileReference; lastKnownFileType = sourcecode.swift; path = AppColorManager.swift; sourceTree = "<group>"; };
		E1457BE22F890329000DD16C /* AppTextStyle.swift */ = {isa = PBXFileReference; lastKnownFileType = sourcecode.swift; path = AppTextStyle.swift; sourceTree = "<group>"; };
/* End PBXFileReference section */

/* Begin PBXFileSystemSynchronizedBuildFileExceptionSet section */
		E1457BCD2F88F169000DD16C /* PBXFileSystemSynchronizedBuildFileExceptionSet */ = {
			isa = PBXFileSystemSynchronizedBuildFileExceptionSet;
			membershipExceptions = (
				Info.plist,
			);
			target = E1457BBA2F88F167000DD16C /* IOSWeatherApp */;
		};
		E1457BE62F891530000DD16C /* PBXFileSystemSynchronizedBuildFileExceptionSet */ = {
			isa = PBXFileSystemSynchronizedBuildFileExceptionSet;
			membershipExceptions = (
				NetworkError.swift,
				NetworkService.swift,
			);
			target = E1457BBA2F88F167000DD16C /* IOSWeatherApp */;
		};
/* End PBXFileSystemSynchronizedBuildFileExceptionSet section */

/* Begin PBXFileSystemSynchronizedRootGroup section */
		E1457BBD2F88F167000DD16C /* IOSWeatherApp */ = {isa = PBXFileSystemSynchronizedRootGroup; exceptions = (E1457BCD2F88F169000DD16C /* PBXFileSystemSynchronizedBuildFileExceptionSet */, ); explicitFileTypes = {}; explicitFolders = (); path = IOSWeatherApp; sourceTree = "<group>"; };
		E1457BD62F88FAEF000DD16C /* DI */ = {isa = PBXFileSystemSynchronizedRootGroup; explicitFileTypes = {}; explicitFolders = (); path = DI; sourceTree = "<group>"; };
		E1457BD72F88FAFC000DD16C /* Network */ = {isa = PBXFileSystemSynchronizedRootGroup; exceptions = (E1457BE62F891530000DD16C /* PBXFileSystemSynchronizedBuildFileExceptionSet */, ); explicitFileTypes = {}; explicitFolders = (); path = Network; sourceTree = "<group>"; };
		E1457BD82F88FB06000DD16C /* Location */ = {isa = PBXFileSystemSynchronizedRootGroup; explicitFileTypes = {}; explicitFolders = (); path = Location; sourceTree = "<group>"; };
		E1457BDA2F88FB1E000DD16C /* Weather */ = {isa = PBXFileSystemSynchronizedRootGroup; explicitFileTypes = {}; explicitFolders = (); path = Weather; sourceTree = "<group>"; };
/* End PBXFileSystemSynchronizedRootGroup section */

/* Begin PBXFrameworksBuildPhase section */
		E1457BB82F88F167000DD16C /* Frameworks */ = {
			isa = PBXFrameworksBuildPhase;
			buildActionMask = 2147483647;
			files = (
			);
			runOnlyForDeploymentPostprocessing = 0;
		};
/* End PBXFrameworksBuildPhase section */

/* Begin PBXGroup section */
		E1457BB22F88F167000DD16C = {
			isa = PBXGroup;
			children = (
				E1457BDF2F89020A000DD16C /* DesignSystem */,
				E1457BD92F88FB13000DD16C /* Features */,
				E1457BD52F88FADB000DD16C /* Core */,
				E1457BD42F88FAAD000DD16C /* Resources */,
				E1457BD32F88FA5A000DD16C /* Application */,
				E1457BBD2F88F167000DD16C /* IOSWeatherApp */,
				E1457BBC2F88F167000DD16C /* Products */,
			);
			sourceTree = "<group>";
		};
		E1457BBC2F88F167000DD16C /* Products */ = {
			isa = PBXGroup;
			children = (
				E1457BBB2F88F167000DD16C /* IOSWeatherApp.app */,
			);
			name = Products;
			sourceTree = "<group>";
		};
		E1457BD32F88FA5A000DD16C /* Application */ = {
			isa = PBXGroup;
			children = (
				E1457BBE2F88F167000DD16C /* AppDelegate.swift */,
				E1457BC02F88F167000DD16C /* SceneDelegate.swift */,
			);
			path = Application;
			sourceTree = "<group>";
		};
		E1457BD42F88FAAD000DD16C /* Resources */ = {
			isa = PBXGroup;
			children = (
				E1457BC72F88F169000DD16C /* Assets.xcassets */,
				E1457BC92F88F169000DD16C /* LaunchScreen.storyboard */,
			);
			path = Resources;
			sourceTree = "<group>";
		};
		E1457BD52F88FADB000DD16C /* Core */ = {
			isa = PBXGroup;
			children = (
				E1457BD82F88FB06000DD16C /* Location */,
				E1457BD72F88FAFC000DD16C /* Network */,
				E1457BD62F88FAEF000DD16C /* DI */,
			);
			path = Core;
			sourceTree = "<group>";
		};
		E1457BD92F88FB13000DD16C /* Features */ = {
			isa = PBXGroup;
			children = (
				E1457BDA2F88FB1E000DD16C /* Weather */,
			);
			path = Features;
			sourceTree = "<group>";
		};
		E1457BDF2F89020A000DD16C /* DesignSystem */ = {
			isa = PBXGroup;
			children = (
				E1457BE02F890255000DD16C /* AppColorManager.swift */,
				E1457BE22F890329000DD16C /* AppTextStyle.swift */,
			);
			path = DesignSystem;
			sourceTree = "<group>";
		};
/* End PBXGroup section */

/* Begin PBXNativeTarget section */
		E1457BBA2F88F167000DD16C /* IOSWeatherApp */ = {
			isa = PBXNativeTarget;
			buildConfigurationList = E1457BCE2F88F169000DD16C /* Build configuration list for PBXNativeTarget "IOSWeatherApp" */;
			buildPhases = (
				E1457BB72F88F167000DD16C /* Sources */,
				E1457BB82F88F167000DD16C /* Frameworks */,
				E1457BB92F88F167000DD16C /* Resources */,
			);
			buildRules = (
			);
			dependencies = (
			);
			fileSystemSynchronizedGroups = (
				E1457BBD2F88F167000DD16C /* IOSWeatherApp */,
			);
			name = IOSWeatherApp;
			packageProductDependencies = (
			);
			productName = IOSWeatherApp;
			productReference = E1457BBB2F88F167000DD16C /* IOSWeatherApp.app */;
			productType = "com.apple.product-type.application";
		};
/* End PBXNativeTarget section */

/* Begin PBXProject section */
		E1457BB32F88F167000DD16C /* Project object */ = {
			isa = PBXProject;
			attributes = {
				BuildIndependentTargetsInParallel = 1;
				LastSwiftUpdateCheck = 1640;
				LastUpgradeCheck = 1640;
				TargetAttributes = {
					E1457BBA2F88F167000DD16C = {
						CreatedOnToolsVersion = 16.4;
					};
				};
			};
			buildConfigurationList = E1457BB62F88F167000DD16C /* Build configuration list for PBXProject "IOSWeatherApp" */;
			compatibilityVersion = "Xcode 15.0";
			developmentRegion = en;
			hasScannedForEncodings = 0;
			knownRegions = (
				en,
				Base,
			);
			mainGroup = E1457BB22F88F167000DD16C;
			minimizedProjectReferenceProxies = 1;
			productRefGroup = E1457BBC2F88F167000DD16C /* Products */;
			projectDirPath = "";
			projectRoot = "";
			targets = (
				E1457BBA2F88F167000DD16C /* IOSWeatherApp */,
			);
		};
/* End PBXProject section */

/* Begin PBXResourcesBuildPhase section */
		E1457BB92F88F167000DD16C /* Resources */ = {
			isa = PBXResourcesBuildPhase;
			buildActionMask = 2147483647;
			files = (
				E1457BCB2F88F169000DD16C /* LaunchScreen.storyboard in Resources */,
				E1457BC82F88F169000DD16C /* Assets.xcassets in Resources */,
			);
			runOnlyForDeploymentPostprocessing = 0;
		};
/* End PBXResourcesBuildPhase section */

/* Begin PBXSourcesBuildPhase section */
		E1457BB72F88F167000DD16C /* Sources */ = {
			isa = PBXSourcesBuildPhase;
			buildActionMask = 2147483647;
			files = (
				E1457BE32F890329000DD16C /* AppTextStyle.swift in Sources */,
				E1457BBF2F88F167000DD16C /* AppDelegate.swift in Sources */,
				E1457BE12F890255000DD16C /* AppColorManager.swift in Sources */,
				E1457BC12F88F167000DD16C /* SceneDelegate.swift in Sources */,
			);
			runOnlyForDeploymentPostprocessing = 0;
		};
/* End PBXSourcesBuildPhase section */

/* Begin PBXVariantGroup section */
		E1457BC92F88F169000DD16C /* LaunchScreen.storyboard */ = {
			isa = PBXVariantGroup;
			children = (
				E1457BCA2F88F169000DD16C /* Base */,
			);
			name = LaunchScreen.storyboard;
			sourceTree = "<group>";
		};
/* End PBXVariantGroup section */

/* Begin XCBuildConfiguration section */
		E1457BCF2F88F169000DD16C /* Debug */ = {
			isa = XCBuildConfiguration;
			buildSettings = {
				ASSETCATALOG_COMPILER_APPICON_NAME = AppIcon;
				ASSETCATALOG_COMPILER_GLOBAL_ACCENT_COLOR_NAME = AccentColor;
				CODE_SIGN_STYLE = Automatic;
				CURRENT_PROJECT_VERSION = 1;
				GENERATE_INFOPLIST_FILE = YES;
				INFOPLIST_FILE = IOSWeatherApp/Info.plist;
				INFOPLIST_KEY_UIApplicationSupportsIndirectInputEvents = YES;
				INFOPLIST_KEY_UILaunchStoryboardName = LaunchScreen;
				INFOPLIST_KEY_UISupportedInterfaceOrientations = UIInterfaceOrientationPortrait;
				INFOPLIST_KEY_UISupportedInterfaceOrientations_iPad = "UIInterfaceOrientationLandscapeLeft UIInterfaceOrientationLandscapeRight UIInterfaceOrientationPortrait UIInterfaceOrientationPortraitUpsideDown";
				IPHONEOS_DEPLOYMENT_TARGET = 15.6;
				LD_RUNPATH_SEARCH_PATHS = (
					"$(inherited)",
					"@executable_path/Frameworks",
				);
				MARKETING_VERSION = 1.0;
				PRODUCT_BUNDLE_IDENTIFIER = com.jonfir.IOSWeatherApp;
				PRODUCT_NAME = "$(TARGET_NAME)";
				SUPPORTED_PLATFORMS = "iphoneos iphonesimulator";
				SUPPORTS_MACCATALYST = NO;
				SUPPORTS_MAC_DESIGNED_FOR_IPHONE_IPAD = NO;
				SUPPORTS_XR_DESIGNED_FOR_IPHONE_IPAD = NO;
				SWIFT_EMIT_LOC_STRINGS = YES;
				SWIFT_VERSION = 5.0;
				TARGETED_DEVICE_FAMILY = 1;
			};
			name = Debug;
		};
		E1457BD02F88F169000DD16C /* Release */ = {
			isa = XCBuildConfiguration;
			buildSettings = {
				ASSETCATALOG_COMPILER_APPICON_NAME = AppIcon;
				ASSETCATALOG_COMPILER_GLOBAL_ACCENT_COLOR_NAME = AccentColor;
				CODE_SIGN_STYLE = Automatic;
				CURRENT_PROJECT_VERSION = 1;
				GENERATE_INFOPLIST_FILE = YES;
				INFOPLIST_FILE = IOSWeatherApp/Info.plist;
				INFOPLIST_KEY_UIApplicationSupportsIndirectInputEvents = YES;
				INFOPLIST_KEY_UILaunchStoryboardName = LaunchScreen;
				INFOPLIST_KEY_UISupportedInterfaceOrientations = UIInterfaceOrientationPortrait;
				INFOPLIST_KEY_UISupportedInterfaceOrientations_iPad = "UIInterfaceOrientationLandscapeLeft UIInterfaceOrientationLandscapeRight UIInterfaceOrientationPortrait UIInterfaceOrientationPortraitUpsideDown";
				IPHONEOS_DEPLOYMENT_TARGET = 15.6;
				LD_RUNPATH_SEARCH_PATHS = (
					"$(inherited)",
					"@executable_path/Frameworks",
				);
				MARKETING_VERSION = 1.0;
				PRODUCT_BUNDLE_IDENTIFIER = com.jonfir.IOSWeatherApp;
				PRODUCT_NAME = "$(TARGET_NAME)";
				SUPPORTED_PLATFORMS = "iphoneos iphonesimulator";
				SUPPORTS_MACCATALYST = NO;
				SUPPORTS_MAC_DESIGNED_FOR_IPHONE_IPAD = NO;
				SUPPORTS_XR_DESIGNED_FOR_IPHONE_IPAD = NO;
				SWIFT_EMIT_LOC_STRINGS = YES;
				SWIFT_VERSION = 5.0;
				TARGETED_DEVICE_FAMILY = 1;
			};
			name = Release;
		};
		E1457BD12F88F169000DD16C /* Debug */ = {
			isa = XCBuildConfiguration;
			buildSettings = {
				ALWAYS_SEARCH_USER_PATHS = NO;
				ASSETCATALOG_COMPILER_GENERATE_SWIFT_ASSET_SYMBOL_EXTENSIONS = YES;
				CLANG_ANALYZER_NONNULL = YES;
				CLANG_ANALYZER_NUMBER_OBJECT_CONVERSION = YES_AGGRESSIVE;
				CLANG_CXX_LANGUAGE_STANDARD = "gnu++20";
				CLANG_ENABLE_MODULES = YES;
				CLANG_ENABLE_OBJC_ARC = YES;
				CLANG_ENABLE_OBJC_WEAK = YES;
				CLANG_WARN_BLOCK_CAPTURE_AUTORELEASING = YES;
				CLANG_WARN_BOOL_CONVERSION = YES;
				CLANG_WARN_COMMA = YES;
				CLANG_WARN_CONSTANT_CONVERSION = YES;
				CLANG_WARN_DEPRECATED_OBJC_IMPLEMENTATIONS = YES;
				CLANG_WARN_DIRECT_OBJC_ISA_USAGE = YES_ERROR;
				CLANG_WARN_DOCUMENTATION_COMMENTS = YES;
				CLANG_WARN_EMPTY_BODY = YES;
				CLANG_WARN_ENUM_CONVERSION = YES;
				CLANG_WARN_INFINITE_RECURSION = YES;
				CLANG_WARN_INT_CONVERSION = YES;
				CLANG_WARN_NON_LITERAL_NULL_CONVERSION = YES;
				CLANG_WARN_OBJC_IMPLICIT_RETAIN_SELF = YES;
				CLANG_WARN_OBJC_LITERAL_CONVERSION = YES;
				CLANG_WARN_OBJC_ROOT_CLASS = YES_ERROR;
				CLANG_WARN_QUOTED_INCLUDE_IN_FRAMEWORK_HEADER = YES;
				CLANG_WARN_RANGE_LOOP_ANALYSIS = YES;
				CLANG_WARN_STRICT_PROTOTYPES = YES;
				CLANG_WARN_SUSPICIOUS_MOVE = YES;
				CLANG_WARN_UNGUARDED_AVAILABILITY = YES_AGGRESSIVE;
				CLANG_WARN_UNREACHABLE_CODE = YES;
				CLANG_WARN__DUPLICATE_METHOD_MATCH = YES;
				COPY_PHASE_STRIP = NO;
				DEBUG_INFORMATION_FORMAT = dwarf;
				ENABLE_STRICT_OBJC_MSGSEND = YES;
				ENABLE_TESTABILITY = YES;
				ENABLE_USER_SCRIPT_SANDBOXING = YES;
				GCC_C_LANGUAGE_STANDARD = gnu17;
				GCC_DYNAMIC_NO_PIC = NO;
				GCC_NO_COMMON_BLOCKS = YES;
				GCC_OPTIMIZATION_LEVEL = 0;
				GCC_PREPROCESSOR_DEFINITIONS = (
					"DEBUG=1",
					"$(inherited)",
				);
				GCC_WARN_64_TO_32_BIT_CONVERSION = YES;
				GCC_WARN_ABOUT_RETURN_TYPE = YES_ERROR;
				GCC_WARN_UNDECLARED_SELECTOR = YES;
				GCC_WARN_UNINITIALIZED_AUTOS = YES_AGGRESSIVE;
				GCC_WARN_UNUSED_FUNCTION = YES;
				GCC_WARN_UNUSED_VARIABLE = YES;
				IPHONEOS_DEPLOYMENT_TARGET = 18.5;
				LOCALIZATION_PREFERS_STRING_CATALOGS = YES;
				MTL_ENABLE_DEBUG_INFO = INCLUDE_SOURCE;
				MTL_FAST_MATH = YES;
				ONLY_ACTIVE_ARCH = YES;
				SDKROOT = iphoneos;
				SWIFT_ACTIVE_COMPILATION_CONDITIONS = "DEBUG $(inherited)";
				SWIFT_OPTIMIZATION_LEVEL = "-Onone";
			};
			name = Debug;
		};
		E1457BD22F88F169000DD16C /* Release */ = {
			isa = XCBuildConfiguration;
			buildSettings = {
				ALWAYS_SEARCH_USER_PATHS = NO;
				ASSETCATALOG_COMPILER_GENERATE_SWIFT_ASSET_SYMBOL_EXTENSIONS = YES;
				CLANG_ANALYZER_NONNULL = YES;
				CLANG_ANALYZER_NUMBER_OBJECT_CONVERSION = YES_AGGRESSIVE;
				CLANG_CXX_LANGUAGE_STANDARD = "gnu++20";
				CLANG_ENABLE_MODULES = YES;
				CLANG_ENABLE_OBJC_ARC = YES;
				CLANG_ENABLE_OBJC_WEAK = YES;
				CLANG_WARN_BLOCK_CAPTURE_AUTORELEASING = YES;
				CLANG_WARN_BOOL_CONVERSION = YES;
				CLANG_WARN_COMMA = YES;
				CLANG_WARN_CONSTANT_CONVERSION = YES;
				CLANG_WARN_DEPRECATED_OBJC_IMPLEMENTATIONS = YES;
				CLANG_WARN_DIRECT_OBJC_ISA_USAGE = YES_ERROR;
				CLANG_WARN_DOCUMENTATION_COMMENTS = YES;
				CLANG_WARN_EMPTY_BODY = YES;
				CLANG_WARN_ENUM_CONVERSION = YES;
				CLANG_WARN_INFINITE_RECURSION = YES;
				CLANG_WARN_INT_CONVERSION = YES;
				CLANG_WARN_NON_LITERAL_NULL_CONVERSION = YES;
				CLANG_WARN_OBJC_IMPLICIT_RETAIN_SELF = YES;
				CLANG_WARN_OBJC_LITERAL_CONVERSION = YES;
				CLANG_WARN_OBJC_ROOT_CLASS = YES_ERROR;
				CLANG_WARN_QUOTED_INCLUDE_IN_FRAMEWORK_HEADER = YES;
				CLANG_WARN_RANGE_LOOP_ANALYSIS = YES;
				CLANG_WARN_STRICT_PROTOTYPES = YES;
				CLANG_WARN_SUSPICIOUS_MOVE = YES;
				CLANG_WARN_UNGUARDED_AVAILABILITY = YES_AGGRESSIVE;
				CLANG_WARN_UNREACHABLE_CODE = YES;
				CLANG_WARN__DUPLICATE_METHOD_MATCH = YES;
				COPY_PHASE_STRIP = NO;
				DEBUG_INFORMATION_FORMAT = "dwarf-with-dsym";
				ENABLE_NS_ASSERTIONS = NO;
				ENABLE_STRICT_OBJC_MSGSEND = YES;
				ENABLE_USER_SCRIPT_SANDBOXING = YES;
				GCC_C_LANGUAGE_STANDARD = gnu17;
				GCC_NO_COMMON_BLOCKS = YES;
				GCC_WARN_64_TO_32_BIT_CONVERSION = YES;
				GCC_WARN_ABOUT_RETURN_TYPE = YES_ERROR;
				GCC_WARN_UNDECLARED_SELECTOR = YES;
				GCC_WARN_UNINITIALIZED_AUTOS = YES_AGGRESSIVE;
				GCC_WARN_UNUSED_FUNCTION = YES;
				GCC_WARN_UNUSED_VARIABLE = YES;
				IPHONEOS_DEPLOYMENT_TARGET = 18.5;
				LOCALIZATION_PREFERS_STRING_CATALOGS = YES;
				MTL_ENABLE_DEBUG_INFO = NO;
				MTL_FAST_MATH = YES;
				SDKROOT = iphoneos;
				SWIFT_COMPILATION_MODE = wholemodule;
				VALIDATE_PRODUCT = YES;
			};
			name = Release;
		};
/* End XCBuildConfiguration section */

/* Begin XCConfigurationList section */
		E1457BB62F88F167000DD16C /* Build configuration list for PBXProject "IOSWeatherApp" */ = {
			isa = XCConfigurationList;
			buildConfigurations = (
				E1457BD12F88F169000DD16C /* Debug */,
				E1457BD22F88F169000DD16C /* Release */,
			);
			defaultConfigurationIsVisible = 0;
			defaultConfigurationName = Release;
		};
		E1457BCE2F88F169000DD16C /* Build configuration list for PBXNativeTarget "IOSWeatherApp" */ = {
			isa = XCConfigurationList;
			buildConfigurations = (
				E1457BCF2F88F169000DD16C /* Debug */,
				E1457BD02F88F169000DD16C /* Release */,
			);
			defaultConfigurationIsVisible = 0;
			defaultConfigurationName = Release;
		};
/* End XCConfigurationList section */
	};
	rootObject = E1457BB32F88F167000DD16C /* Project object */;
}
